
Microsoft Visual Studio Solution File, Format Version 12.00
# Visual Studio Version 17
VisualStudioVersion = 17.4.33213.308
MinimumVisualStudioVersion = 10.0.40219.1
Project("{FAE04EC0-301F-11D3-BF4B-00C04F79EFBC}") = "space_invaders", "space_invaders.csproj", "{54FFD17E-1827-4C6F-B09C-125EE8BD928F}"
EndProject
Global
	GlobalSection(SolutionConfigurationPlatforms) = preSolution
		Debug|Any CPU = Debug|Any CPU
		Release|Any CPU = Release|Any CPU
	EndGlobalSection
	GlobalSection(ProjectConfigurationPlatforms) = postSolution
		{54FFD17E-1827-4C6F-B09C-125EE8BD928F}.Debug|Any CPU.ActiveCfg = Debug|Any CPU
		{54FFD17E-1827-4C6F-B09C-125EE8BD928F}.Debug|Any CPU.Build.0 = Debug|Any CPU
		{54FFD17E-1827-4C6F-B09C-125EE8BD928F}.Release|Any CPU.ActiveCfg = Release|Any CPU
		{54FFD17E-1827-4C6F-B09C-125EE8BD928F}.Release|Any CPU.Build.0 = Release|Any CPU
	EndGlobalSection
	GlobalSection(SolutionProperties) = preSolution
		HideSolutionNode = FALSE
	EndGlobalSection
	GlobalSection(ExtensibilityGlobals) = postSolution
		SolutionGuid = {4CD2D3EF-89EB-4E8E-8208-7BD1D0DDAB31}
	EndGlobalSection
EndGlobal
